
Microsoft Visual Studio Solution File, Format Version 12.00
# Visual Studio 15
VisualStudioVersion = 15.0.28306.52
MinimumVisualStudioVersion = 10.0.40219.1
Project("{9A19103F-16F7-4668-BE54-9A1E7A4F7556}") = "light.httpserver", "light.httpserver\light.httpserver.csproj", "{B2DC894A-338F-43DA-959A-3EFE0C215F37}"
EndProject
Project("{9A19103F-16F7-4668-BE54-9A1E7A4F7556}") = "server", "server\server.csproj", "{253FE5C6-9CF6-455F-9854-A2ED6E11EAF7}"
EndProject
Project("{FAE04EC0-301F-11D3-BF4B-00C04F79EFBC}") = "h5test", "h5test\h5test.csproj", "{2574F603-4B6C-4A30-BFDD-E3BC09EEDFDF}"
EndProject
Global
	GlobalSection(SolutionConfigurationPlatforms) = preSolution
		Debug|Any CPU = Debug|Any CPU
		Release|Any CPU = Release|Any CPU
	EndGlobalSection
	GlobalSection(ProjectConfigurationPlatforms) = postSolution
		{B2DC894A-338F-43DA-959A-3EFE0C215F37}.Debug|Any CPU.ActiveCfg = Debug|Any CPU
		{B2DC894A-338F-43DA-959A-3EFE0C215F37}.Debug|Any CPU.Build.0 = Debug|Any CPU
		{B2DC894A-338F-43DA-959A-3EFE0C215F37}.Release|Any CPU.ActiveCfg = Release|Any CPU
		{B2DC894A-338F-43DA-959A-3EFE0C215F37}.Release|Any CPU.Build.0 = Release|Any CPU
		{253FE5C6-9CF6-455F-9854-A2ED6E11EAF7}.Debug|Any CPU.ActiveCfg = Debug|Any CPU
		{253FE5C6-9CF6-455F-9854-A2ED6E11EAF7}.Debug|Any CPU.Build.0 = Debug|Any CPU
		{253FE5C6-9CF6-455F-9854-A2ED6E11EAF7}.Release|Any CPU.ActiveCfg = Release|Any CPU
		{253FE5C6-9CF6-455F-9854-A2ED6E11EAF7}.Release|Any CPU.Build.0 = Release|Any CPU
		{2574F603-4B6C-4A30-BFDD-E3BC09EEDFDF}.Debug|Any CPU.ActiveCfg = Debug|Any CPU
		{2574F603-4B6C-4A30-BFDD-E3BC09EEDFDF}.Debug|Any CPU.Build.0 = Debug|Any CPU
		{2574F603-4B6C-4A30-BFDD-E3BC09EEDFDF}.Release|Any CPU.ActiveCfg = Release|Any CPU
		{2574F603-4B6C-4A30-BFDD-E3BC09EEDFDF}.Release|Any CPU.Build.0 = Release|Any CPU
	EndGlobalSection
	GlobalSection(SolutionProperties) = preSolution
		HideSolutionNode = FALSE
	EndGlobalSection
	GlobalSection(ExtensibilityGlobals) = postSolution
		SolutionGuid = {B1A55F8F-AC1F-4502-8066-FA3D655E73A5}
	EndGlobalSection
EndGlobal
